
Microsoft Visual Studio Solution File, Format Version 12.00
# Visual Studio Version 16
VisualStudioVersion = 16.0.29411.108
MinimumVisualStudioVersion = 10.0.40219.1
Project("{FAE04EC0-301F-11D3-BF4B-00C04F79EFBC}") = "FtpConsoleclient", "FtpConsoleclient\FtpConsoleclient.csproj", "{B8C087EF-C573-45E0-9BC7-C446EC821F45}"
EndProject
Global
	GlobalSection(SolutionConfigurationPlatforms) = preSolution
		Debug|Any CPU = Debug|Any CPU
		Release|Any CPU = Release|Any CPU
	EndGlobalSection
	GlobalSection(ProjectConfigurationPlatforms) = postSolution
		{B8C087EF-C573-45E0-9BC7-C446EC821F45}.Debug|Any CPU.ActiveCfg = Debug|Any CPU
		{B8C087EF-C573-45E0-9BC7-C446EC821F45}.Debug|Any CPU.Build.0 = Debug|Any CPU
		{B8C087EF-C573-45E0-9BC7-C446EC821F45}.Release|Any CPU.ActiveCfg = Release|Any CPU
		{B8C087EF-C573-45E0-9BC7-C446EC821F45}.Release|Any CPU.Build.0 = Release|Any CPU
	EndGlobalSection
	GlobalSection(SolutionProperties) = preSolution
		HideSolutionNode = FALSE
	EndGlobalSection
	GlobalSection(ExtensibilityGlobals) = postSolution
		SolutionGuid = {5184B9E9-6A03-4088-97EE-E1E05D7DAABA}
	EndGlobalSection
EndGlobal
