
Microsoft Visual Studio Solution File, Format Version 12.00
# Visual Studio Version 16
VisualStudioVersion = 16.0.29411.108
MinimumVisualStudioVersion = 10.0.40219.1
Project("{FAE04EC0-301F-11D3-BF4B-00C04F79EFBC}") = "NetConsoleApp", "NetConsoleApp\NetConsoleApp.csproj", "{ACEE6B27-E2FD-48E5-A501-20D66DC74163}"
EndProject
Global
	GlobalSection(SolutionConfigurationPlatforms) = preSolution
		Debug|Any CPU = Debug|Any CPU
		Release|Any CPU = Release|Any CPU
	EndGlobalSection
	GlobalSection(ProjectConfigurationPlatforms) = postSolution
		{ACEE6B27-E2FD-48E5-A501-20D66DC74163}.Debug|Any CPU.ActiveCfg = Debug|Any CPU
		{ACEE6B27-E2FD-48E5-A501-20D66DC74163}.Debug|Any CPU.Build.0 = Debug|Any CPU
		{ACEE6B27-E2FD-48E5-A501-20D66DC74163}.Release|Any CPU.ActiveCfg = Release|Any CPU
		{ACEE6B27-E2FD-48E5-A501-20D66DC74163}.Release|Any CPU.Build.0 = Release|Any CPU
	EndGlobalSection
	GlobalSection(SolutionProperties) = preSolution
		HideSolutionNode = FALSE
	EndGlobalSection
	GlobalSection(ExtensibilityGlobals) = postSolution
		SolutionGuid = {85BF8864-E390-4B1F-9B20-73F57E44BE7E}
	EndGlobalSection
EndGlobal
